
Microsoft Visual Studio Solution File, Format Version 12.00
# Visual Studio Version 17
VisualStudioVersion = 17.9.34714.143
MinimumVisualStudioVersion = 10.0.40219.1
Project("{FAE04EC0-301F-11D3-BF4B-00C04F79EFBC}") = "Auth.API", "Auth.API\Auth.API.csproj", "{594C7FE8-DB64-4EE8-9D97-358EDD2B064E}"
EndProject
Project("{FAE04EC0-301F-11D3-BF4B-00C04F79EFBC}") = "Auth.Models", "Auth.Models\Auth.Models.csproj", "{E108891E-518A-4933-8CF6-697F1F2AE452}"
EndProject
Project("{FAE04EC0-301F-11D3-BF4B-00C04F79EFBC}") = "Auth.Services", "Auth.Services\Auth.Services.csproj", "{3A584D21-A56E-46B7-A02B-FDF65AE8B826}"
EndProject
Global
	GlobalSection(SolutionConfigurationPlatforms) = preSolution
		Debug|Any CPU = Debug|Any CPU
		Release|Any CPU = Release|Any CPU
	EndGlobalSection
	GlobalSection(ProjectConfigurationPlatforms) = postSolution
		{594C7FE8-DB64-4EE8-9D97-358EDD2B064E}.Debug|Any CPU.ActiveCfg = Debug|Any CPU
		{594C7FE8-DB64-4EE8-9D97-358EDD2B064E}.Debug|Any CPU.Build.0 = Debug|Any CPU
		{594C7FE8-DB64-4EE8-9D97-358EDD2B064E}.Release|Any CPU.ActiveCfg = Release|Any CPU
		{594C7FE8-DB64-4EE8-9D97-358EDD2B064E}.Release|Any CPU.Build.0 = Release|Any CPU
		{E108891E-518A-4933-8CF6-697F1F2AE452}.Debug|Any CPU.ActiveCfg = Debug|Any CPU
		{E108891E-518A-4933-8CF6-697F1F2AE452}.Debug|Any CPU.Build.0 = Debug|Any CPU
		{E108891E-518A-4933-8CF6-697F1F2AE452}.Release|Any CPU.ActiveCfg = Release|Any CPU
		{E108891E-518A-4933-8CF6-697F1F2AE452}.Release|Any CPU.Build.0 = Release|Any CPU
		{3A584D21-A56E-46B7-A02B-FDF65AE8B826}.Debug|Any CPU.ActiveCfg = Debug|Any CPU
		{3A584D21-A56E-46B7-A02B-FDF65AE8B826}.Debug|Any CPU.Build.0 = Debug|Any CPU
		{3A584D21-A56E-46B7-A02B-FDF65AE8B826}.Release|Any CPU.ActiveCfg = Release|Any CPU
		{3A584D21-A56E-46B7-A02B-FDF65AE8B826}.Release|Any CPU.Build.0 = Release|Any CPU
	EndGlobalSection
	GlobalSection(SolutionProperties) = preSolution
		HideSolutionNode = FALSE
	EndGlobalSection
	GlobalSection(ExtensibilityGlobals) = postSolution
		SolutionGuid = {7AAC4173-DDB1-49E0-BE15-521B8A3BC111}
	EndGlobalSection
EndGlobal
